
Microsoft Visual Studio Solution File, Format Version 12.00
# Visual Studio 14
VisualStudioVersion = 14.0.25123.0
MinimumVisualStudioVersion = 10.0.40219.1
Project("{8BC9CEB8-8B4A-11D0-8D11-00A0C91BC942}") = "ExpertSystem", "ExpertSystem\ExpertSystem.vcxproj", "{AFD55231-91A0-4F12-84B5-E4A7E3ADFEAF}"
EndProject
Global
	GlobalSection(SolutionConfigurationPlatforms) = preSolution
		Debug|x64 = Debug|x64
		Debug|x86 = Debug|x86
		Release|x64 = Release|x64
		Release|x86 = Release|x86
	EndGlobalSection
	GlobalSection(ProjectConfigurationPlatforms) = postSolution
		{AFD55231-91A0-4F12-84B5-E4A7E3ADFEAF}.Debug|x64.ActiveCfg = Debug|x64
		{AFD55231-91A0-4F12-84B5-E4A7E3ADFEAF}.Debug|x64.Build.0 = Debug|x64
		{AFD55231-91A0-4F12-84B5-E4A7E3ADFEAF}.Debug|x86.ActiveCfg = Debug|Win32
		{AFD55231-91A0-4F12-84B5-E4A7E3ADFEAF}.Debug|x86.Build.0 = Debug|Win32
		{AFD55231-91A0-4F12-84B5-E4A7E3ADFEAF}.Release|x64.ActiveCfg = Release|x64
		{AFD55231-91A0-4F12-84B5-E4A7E3ADFEAF}.Release|x64.Build.0 = Release|x64
		{AFD55231-91A0-4F12-84B5-E4A7E3ADFEAF}.Release|x86.ActiveCfg = Release|Win32
		{AFD55231-91A0-4F12-84B5-E4A7E3ADFEAF}.Release|x86.Build.0 = Release|Win32
	EndGlobalSection
	GlobalSection(SolutionProperties) = preSolution
		HideSolutionNode = FALSE
	EndGlobalSection
EndGlobal
